
Microsoft Visual Studio Solution File, Format Version 12.00
# Visual Studio Version 16
VisualStudioVersion = 16.0.29613.14
MinimumVisualStudioVersion = 10.0.40219.1
Project("{FAE04EC0-301F-11D3-BF4B-00C04F79EFBC}") = "HtmlParser", "HtmlParser\HtmlParser.csproj", "{5EE60C42-8D94-456F-9676-9115F14A77B0}"
EndProject
Global
	GlobalSection(SolutionConfigurationPlatforms) = preSolution
		Debug|Any CPU = Debug|Any CPU
		Release|Any CPU = Release|Any CPU
	EndGlobalSection
	GlobalSection(ProjectConfigurationPlatforms) = postSolution
		{5EE60C42-8D94-456F-9676-9115F14A77B0}.Debug|Any CPU.ActiveCfg = Debug|Any CPU
		{5EE60C42-8D94-456F-9676-9115F14A77B0}.Debug|Any CPU.Build.0 = Debug|Any CPU
		{5EE60C42-8D94-456F-9676-9115F14A77B0}.Release|Any CPU.ActiveCfg = Release|Any CPU
		{5EE60C42-8D94-456F-9676-9115F14A77B0}.Release|Any CPU.Build.0 = Release|Any CPU
	EndGlobalSection
	GlobalSection(SolutionProperties) = preSolution
		HideSolutionNode = FALSE
	EndGlobalSection
	GlobalSection(ExtensibilityGlobals) = postSolution
		SolutionGuid = {D07055D9-445E-4C96-9BF5-CE18F16AAAE0}
	EndGlobalSection
EndGlobal
